
Microsoft Visual Studio Solution File, Format Version 12.00
# Visual Studio Version 16
VisualStudioVersion = 16.0.30011.22
MinimumVisualStudioVersion = 10.0.40219.1
Project("{9A19103F-16F7-4668-BE54-9A1E7A4F7556}") = "Dice-game", "Dice-game\Dice-game.csproj", "{29858924-7E49-4FE3-BD68-3B757D2A172E}"
EndProject
Project("{2150E333-8FDC-42A3-9474-1A3956D46DE8}") = "Tests", "Tests", "{8AB203B7-6664-44E7-9793-083099C34985}"
EndProject
Project("{FAE04EC0-301F-11D3-BF4B-00C04F79EFBC}") = "Dice-game-tests", "Tests\Dice-game-tests\Dice-game-tests.csproj", "{5DA3CEB2-5C8B-4DCA-8F90-4985AE7866F7}"
EndProject
Global
	GlobalSection(SolutionConfigurationPlatforms) = preSolution
		Debug|Any CPU = Debug|Any CPU
		Release|Any CPU = Release|Any CPU
	EndGlobalSection
	GlobalSection(ProjectConfigurationPlatforms) = postSolution
		{29858924-7E49-4FE3-BD68-3B757D2A172E}.Debug|Any CPU.ActiveCfg = Debug|Any CPU
		{29858924-7E49-4FE3-BD68-3B757D2A172E}.Debug|Any CPU.Build.0 = Debug|Any CPU
		{29858924-7E49-4FE3-BD68-3B757D2A172E}.Release|Any CPU.ActiveCfg = Release|Any CPU
		{29858924-7E49-4FE3-BD68-3B757D2A172E}.Release|Any CPU.Build.0 = Release|Any CPU
		{5DA3CEB2-5C8B-4DCA-8F90-4985AE7866F7}.Debug|Any CPU.ActiveCfg = Debug|Any CPU
		{5DA3CEB2-5C8B-4DCA-8F90-4985AE7866F7}.Debug|Any CPU.Build.0 = Debug|Any CPU
		{5DA3CEB2-5C8B-4DCA-8F90-4985AE7866F7}.Release|Any CPU.ActiveCfg = Release|Any CPU
		{5DA3CEB2-5C8B-4DCA-8F90-4985AE7866F7}.Release|Any CPU.Build.0 = Release|Any CPU
	EndGlobalSection
	GlobalSection(SolutionProperties) = preSolution
		HideSolutionNode = FALSE
	EndGlobalSection
	GlobalSection(NestedProjects) = preSolution
		{5DA3CEB2-5C8B-4DCA-8F90-4985AE7866F7} = {8AB203B7-6664-44E7-9793-083099C34985}
	EndGlobalSection
	GlobalSection(ExtensibilityGlobals) = postSolution
		SolutionGuid = {1DFEE58F-62AB-4CDA-9D95-F7D83C516D6A}
	EndGlobalSection
EndGlobal
