
Microsoft Visual Studio Solution File, Format Version 12.00
# Visual Studio Version 16
VisualStudioVersion = 16.0.30011.22
MinimumVisualStudioVersion = 10.0.40219.1
Project("{FAE04EC0-301F-11D3-BF4B-00C04F79EFBC}") = "Analytical-probabilities", "Analytical-probabilities\Analytical-probabilities.csproj", "{1303E608-A81D-4648-A035-FDD33BAB3902}"
EndProject
Global
	GlobalSection(SolutionConfigurationPlatforms) = preSolution
		Debug|Any CPU = Debug|Any CPU
		Release|Any CPU = Release|Any CPU
	EndGlobalSection
	GlobalSection(ProjectConfigurationPlatforms) = postSolution
		{1303E608-A81D-4648-A035-FDD33BAB3902}.Debug|Any CPU.ActiveCfg = Debug|Any CPU
		{1303E608-A81D-4648-A035-FDD33BAB3902}.Debug|Any CPU.Build.0 = Debug|Any CPU
		{1303E608-A81D-4648-A035-FDD33BAB3902}.Release|Any CPU.ActiveCfg = Release|Any CPU
		{1303E608-A81D-4648-A035-FDD33BAB3902}.Release|Any CPU.Build.0 = Release|Any CPU
	EndGlobalSection
	GlobalSection(SolutionProperties) = preSolution
		HideSolutionNode = FALSE
	EndGlobalSection
	GlobalSection(ExtensibilityGlobals) = postSolution
		SolutionGuid = {5CADF2C9-116E-4C35-A98E-90B89E038BA4}
	EndGlobalSection
EndGlobal
